
Microsoft Visual Studio Solution File, Format Version 12.00
# Visual Studio Version 17
VisualStudioVersion = 17.9.34723.18
MinimumVisualStudioVersion = 10.0.40219.1
Project("{FAE04EC0-301F-11D3-BF4B-00C04F79EFBC}") = "WebsiteChungKhoan", "WebsiteChungKhoan\WebsiteChungKhoan.csproj", "{EDCF6718-E19D-4ED3-B4B9-05CCB69EFAC5}"
EndProject
Project("{2150E333-8FDC-42A3-9474-1A3956D46DE8}") = "Solution Items", "Solution Items", "{F4B275F2-4016-4538-9F74-84F96CC19603}"
	ProjectSection(SolutionItems) = preProject
		.editorconfig = .editorconfig
	EndProjectSection
EndProject
Global
	GlobalSection(SolutionConfigurationPlatforms) = preSolution
		Debug|Any CPU = Debug|Any CPU
		Release|Any CPU = Release|Any CPU
	EndGlobalSection
	GlobalSection(ProjectConfigurationPlatforms) = postSolution
		{EDCF6718-E19D-4ED3-B4B9-05CCB69EFAC5}.Debug|Any CPU.ActiveCfg = Debug|Any CPU
		{EDCF6718-E19D-4ED3-B4B9-05CCB69EFAC5}.Debug|Any CPU.Build.0 = Debug|Any CPU
		{EDCF6718-E19D-4ED3-B4B9-05CCB69EFAC5}.Release|Any CPU.ActiveCfg = Release|Any CPU
		{EDCF6718-E19D-4ED3-B4B9-05CCB69EFAC5}.Release|Any CPU.Build.0 = Release|Any CPU
	EndGlobalSection
	GlobalSection(SolutionProperties) = preSolution
		HideSolutionNode = FALSE
	EndGlobalSection
	GlobalSection(ExtensibilityGlobals) = postSolution
		SolutionGuid = {C8E14C98-8C5B-4300-8209-035204F1EE10}
	EndGlobalSection
EndGlobal
